// !$*UTF8*$!
{
	archiveVersion = 1;
	classes = {
	};
	objectVersion = 46;
	objects = {

/* Begin PBXBuildFile section */
		04686E4817C0CFA800CA58AE /* GZGamingController.m in Sources */ = {isa = PBXBuildFile; fileRef = 04686E4617C0CFA700CA58AE /* GZGamingController.m */; };
		04686E4D17C0E98F00CA58AE /* GZGameSettingController.m in Sources */ = {isa = PBXBuildFile; fileRef = 04686E4B17C0E98E00CA58AE /* GZGameSettingController.m */; };
		04686E4E17C0E98F00CA58AE /* GZGameSettingController.xib in Resources */ = {isa = PBXBuildFile; fileRef = 04686E4C17C0E98F00CA58AE /* GZGameSettingController.xib */; };
		048176B817B8E66100DD13D8 /* UIDevice+Resolutions.m in Sources */ = {isa = PBXBuildFile; fileRef = 048176B717B8E66100DD13D8 /* UIDevice+Resolutions.m */; };
		048176BC17B8F99500DD13D8 /* GZGameTagController.m in Sources */ = {isa = PBXBuildFile; fileRef = 048176BA17B8F99400DD13D8 /* GZGameTagController.m */; };
		048176BD17B8F99500DD13D8 /* GZGameTagController.xib in Resources */ = {isa = PBXBuildFile; fileRef = 048176BB17B8F99500DD13D8 /* GZGameTagController.xib */; };
		048176C617B8FBCB00DD13D8 /* GZHomeViewController.m in Sources */ = {isa = PBXBuildFile; fileRef = 048176C417B8FBCA00DD13D8 /* GZHomeViewController.m */; };
		048176C717B8FBCB00DD13D8 /* GZHomeViewController.xib in Resources */ = {isa = PBXBuildFile; fileRef = 048176C517B8FBCA00DD13D8 /* GZHomeViewController.xib */; };
		04CC63B917C4A0C100D37518 /* libsqlite3.dylib in Frameworks */ = {isa = PBXBuildFile; fileRef = 04CC63B817C4A0C100D37518 /* libsqlite3.dylib */; };
		04CC63BB17C4A30500D37518 /* libsqlite3.0.dylib in Frameworks */ = {isa = PBXBuildFile; fileRef = 04CC63BA17C4A30500D37518 /* libsqlite3.0.dylib */; };
		04CC63E517C678E900D37518 /* GZImageController.m in Sources */ = {isa = PBXBuildFile; fileRef = 04CC63E317C678E800D37518 /* GZImageController.m */; };
		04CC63E617C678E900D37518 /* GZImageController.xib in Resources */ = {isa = PBXBuildFile; fileRef = 04CC63E417C678E800D37518 /* GZImageController.xib */; };
		7637FCD417D48C2F0029D063 /* dishes_images in Resources */ = {isa = PBXBuildFile; fileRef = 7637FCD317D48C2F0029D063 /* dishes_images */; };
		76748D1617C315450095FEA6 /* TPKeyboardAvoidingScrollView.m in Sources */ = {isa = PBXBuildFile; fileRef = 76748D1317C315450095FEA6 /* TPKeyboardAvoidingScrollView.m */; };
		76748D1717C315450095FEA6 /* TPKeyboardAvoidingTableView.m in Sources */ = {isa = PBXBuildFile; fileRef = 76748D1517C315450095FEA6 /* TPKeyboardAvoidingTableView.m */; };
		7686BF7417B39FC000616237 /* UIKit.framework in Frameworks */ = {isa = PBXBuildFile; fileRef = 7686BF7317B39FC000616237 /* UIKit.framework */; };
		7686BF7617B39FC000616237 /* Foundation.framework in Frameworks */ = {isa = PBXBuildFile; fileRef = 7686BF7517B39FC000616237 /* Foundation.framework */; };
		7686BF7817B39FC000616237 /* CoreGraphics.framework in Frameworks */ = {isa = PBXBuildFile; fileRef = 7686BF7717B39FC000616237 /* CoreGraphics.framework */; };
		7686BF7E17B39FC000616237 /* InfoPlist.strings in Resources */ = {isa = PBXBuildFile; fileRef = 7686BF7C17B39FC000616237 /* InfoPlist.strings */; };
		7686BF8017B39FC000616237 /* main.m in Sources */ = {isa = PBXBuildFile; fileRef = 7686BF7F17B39FC000616237 /* main.m */; };
		7686BF8417B39FC000616237 /* GZAppDelegate.m in Sources */ = {isa = PBXBuildFile; fileRef = 7686BF8317B39FC000616237 /* GZAppDelegate.m */; };
		7686BF8617B39FC000616237 /* Default.png in Resources */ = {isa = PBXBuildFile; fileRef = 7686BF8517B39FC000616237 /* Default.png */; };
		7686BF8817B39FC000616237 /* Default@2x.png in Resources */ = {isa = PBXBuildFile; fileRef = 7686BF8717B39FC000616237 /* Default@2x.png */; };
		7686BF8A17B39FC000616237 /* Default-568h@2x.png in Resources */ = {isa = PBXBuildFile; fileRef = 7686BF8917B39FC000616237 /* Default-568h@2x.png */; };
		76B2FDDA17BCC5AA00B9282A /* img.png in Resources */ = {isa = PBXBuildFile; fileRef = 76B2FDD117BCC5AA00B9282A /* img.png */; };
		76B2FDDB17BCC5AA00B9282A /* img@2x.png in Resources */ = {isa = PBXBuildFile; fileRef = 76B2FDD217BCC5AA00B9282A /* img@2x.png */; };
		76B2FDDE17BCC5AA00B9282A /* GZCollectionViewCell.m in Sources */ = {isa = PBXBuildFile; fileRef = 76B2FDD717BCC5AA00B9282A /* GZCollectionViewCell.m */; };
		76B2FDF317BCDE2A00B9282A /* LICENSE.txt in Resources */ = {isa = PBXBuildFile; fileRef = 76B2FDEF17BCDE2A00B9282A /* LICENSE.txt */; };
		76B2FDF417BCDE2A00B9282A /* SVProgressHUD.bundle in Resources */ = {isa = PBXBuildFile; fileRef = 76B2FDF017BCDE2A00B9282A /* SVProgressHUD.bundle */; };
		76B2FDF517BCDE2A00B9282A /* SVProgressHUD.m in Sources */ = {isa = PBXBuildFile; fileRef = 76B2FDF217BCDE2A00B9282A /* SVProgressHUD.m */; };
		76B2FE0E17BCDE4F00B9282A /* AFHTTPClient.m in Sources */ = {isa = PBXBuildFile; fileRef = 76B2FDF717BCDE4F00B9282A /* AFHTTPClient.m */; };
		76B2FE0F17BCDE4F00B9282A /* AFHTTPRequestOperation.m in Sources */ = {isa = PBXBuildFile; fileRef = 76B2FDF917BCDE4F00B9282A /* AFHTTPRequestOperation.m */; };
		76B2FE1017BCDE4F00B9282A /* AFHTTPRequestOperationLogger.m in Sources */ = {isa = PBXBuildFile; fileRef = 76B2FDFB17BCDE4F00B9282A /* AFHTTPRequestOperationLogger.m */; };
		76B2FE1117BCDE4F00B9282A /* AFHTTPRequestOperationLogger.podspec in Resources */ = {isa = PBXBuildFile; fileRef = 76B2FDFC17BCDE4F00B9282A /* AFHTTPRequestOperationLogger.podspec */; };
		76B2FE1217BCDE4F00B9282A /* AFImageRequestOperation.m in Sources */ = {isa = PBXBuildFile; fileRef = 76B2FDFE17BCDE4F00B9282A /* AFImageRequestOperation.m */; };
		76B2FE1317BCDE4F00B9282A /* AFJSONRequestOperation.m in Sources */ = {isa = PBXBuildFile; fileRef = 76B2FE0017BCDE4F00B9282A /* AFJSONRequestOperation.m */; };
		76B2FE1417BCDE4F00B9282A /* AFNetworkActivityIndicatorManager.m in Sources */ = {isa = PBXBuildFile; fileRef = 76B2FE0217BCDE4F00B9282A /* AFNetworkActivityIndicatorManager.m */; };
		76B2FE1517BCDE4F00B9282A /* AFPropertyListRequestOperation.m in Sources */ = {isa = PBXBuildFile; fileRef = 76B2FE0517BCDE4F00B9282A /* AFPropertyListRequestOperation.m */; };
		76B2FE1617BCDE4F00B9282A /* AFURLConnectionOperation.m in Sources */ = {isa = PBXBuildFile; fileRef = 76B2FE0717BCDE4F00B9282A /* AFURLConnectionOperation.m */; };
		76B2FE1717BCDE4F00B9282A /* AFXMLRequestOperation.m in Sources */ = {isa = PBXBuildFile; fileRef = 76B2FE0917BCDE4F00B9282A /* AFXMLRequestOperation.m */; };
		76B2FE1817BCDE4F00B9282A /* LICENSE in Resources */ = {isa = PBXBuildFile; fileRef = 76B2FE0A17BCDE4F00B9282A /* LICENSE */; };
		76B2FE1917BCDE4F00B9282A /* README.md in Resources */ = {isa = PBXBuildFile; fileRef = 76B2FE0B17BCDE4F00B9282A /* README.md */; };
		76B2FE1A17BCDE4F00B9282A /* UIImageView+AFNetworking.m in Sources */ = {isa = PBXBuildFile; fileRef = 76B2FE0D17BCDE4F00B9282A /* UIImageView+AFNetworking.m */; };
		76B2FE1F17BCDE9400B9282A /* RGMPageControl.m in Sources */ = {isa = PBXBuildFile; fileRef = 76B2FE1C17BCDE9400B9282A /* RGMPageControl.m */; };
		76B2FE2017BCDE9400B9282A /* RGMPagingScrollView.m in Sources */ = {isa = PBXBuildFile; fileRef = 76B2FE1E17BCDE9400B9282A /* RGMPagingScrollView.m */; };
		76B2FE2217BCDEA700B9282A /* CFNetwork.framework in Frameworks */ = {isa = PBXBuildFile; fileRef = 76B2FE2117BCDEA700B9282A /* CFNetwork.framework */; };
		76B2FE2417BCDEAF00B9282A /* SystemConfiguration.framework in Frameworks */ = {isa = PBXBuildFile; fileRef = 76B2FE2317BCDEAF00B9282A /* SystemConfiguration.framework */; };
		76B2FE2617BCDEB900B9282A /* QuartzCore.framework in Frameworks */ = {isa = PBXBuildFile; fileRef = 76B2FE2517BCDEB900B9282A /* QuartzCore.framework */; };
		76B2FE2E17BCDFE000B9282A /* GZGamePageViewController.m in Sources */ = {isa = PBXBuildFile; fileRef = 76B2FE2C17BCDFE000B9282A /* GZGamePageViewController.m */; };
		76B2FE2F17BCDFE000B9282A /* GZGamePageViewController.xib in Resources */ = {isa = PBXBuildFile; fileRef = 76B2FE2D17BCDFE000B9282A /* GZGamePageViewController.xib */; };
		76B2FE3217BCE00200B9282A /* RGMPageView.m in Sources */ = {isa = PBXBuildFile; fileRef = 76B2FE3117BCE00200B9282A /* RGMPageView.m */; };
		76B2FE3717BCE0E000B9282A /* indicator-active.png in Resources */ = {isa = PBXBuildFile; fileRef = 76B2FE3317BCE0E000B9282A /* indicator-active.png */; };
		76B2FE3817BCE0E000B9282A /* indicator-active@2x.png in Resources */ = {isa = PBXBuildFile; fileRef = 76B2FE3417BCE0E000B9282A /* indicator-active@2x.png */; };
		76B2FE3917BCE0E000B9282A /* indicator.png in Resources */ = {isa = PBXBuildFile; fileRef = 76B2FE3517BCE0E000B9282A /* indicator.png */; };
		76B2FE3A17BCE0E000B9282A /* indicator@2x.png in Resources */ = {isa = PBXBuildFile; fileRef = 76B2FE3617BCE0E000B9282A /* indicator@2x.png */; };
		76CAB12217C701020059B1E7 /* GZGamingController.xib in Resources */ = {isa = PBXBuildFile; fileRef = 76CAB12117C701010059B1E7 /* GZGamingController.xib */; };
		76CAB12517C711500059B1E7 /* GZDatabaseHelper.m in Sources */ = {isa = PBXBuildFile; fileRef = 76CAB12417C711500059B1E7 /* GZDatabaseHelper.m */; };
		76CAB12817C71F660059B1E7 /* GZDish.m in Sources */ = {isa = PBXBuildFile; fileRef = 76CAB12717C71F660059B1E7 /* GZDish.m */; };
		76E642F217DECCF900041856 /* ios_eat_v5 in Resources */ = {isa = PBXBuildFile; fileRef = 76E642F117DECCF900041856 /* ios_eat_v5 */; };
		76E642F517DEF39E00041856 /* GZDishImage.m in Sources */ = {isa = PBXBuildFile; fileRef = 76E642F417DEF39E00041856 /* GZDishImage.m */; };
/* End PBXBuildFile section */

/* Begin PBXFileReference section */
		04686E4517C0CFA700CA58AE /* GZGamingController.h */ = {isa = PBXFileReference; fileEncoding = 4; lastKnownFileType = sourcecode.c.h; path = GZGamingController.h; sourceTree = "<group>"; };
		04686E4617C0CFA700CA58AE /* GZGamingController.m */ = {isa = PBXFileReference; fileEncoding = 4; lastKnownFileType = sourcecode.c.objc; path = GZGamingController.m; sourceTree = "<group>"; };
		04686E4A17C0E98E00CA58AE /* GZGameSettingController.h */ = {isa = PBXFileReference; fileEncoding = 4; lastKnownFileType = sourcecode.c.h; path = GZGameSettingController.h; sourceTree = "<group>"; };
		04686E4B17C0E98E00CA58AE /* GZGameSettingController.m */ = {isa = PBXFileReference; fileEncoding = 4; lastKnownFileType = sourcecode.c.objc; path = GZGameSettingController.m; sourceTree = "<group>"; };
		04686E4C17C0E98F00CA58AE /* GZGameSettingController.xib */ = {isa = PBXFileReference; fileEncoding = 4; lastKnownFileType = file.xib; path = GZGameSettingController.xib; sourceTree = "<group>"; };
		048176B617B8E61700DD13D8 /* UIDevice+Resolutions.h */ = {isa = PBXFileReference; fileEncoding = 4; lastKnownFileType = sourcecode.c.h; path = "UIDevice+Resolutions.h"; sourceTree = "<group>"; };
		048176B717B8E66100DD13D8 /* UIDevice+Resolutions.m */ = {isa = PBXFileReference; fileEncoding = 4; lastKnownFileType = sourcecode.c.objc; path = "UIDevice+Resolutions.m"; sourceTree = "<group>"; };
		048176B917B8F99400DD13D8 /* GZGameTagController.h */ = {isa = PBXFileReference; fileEncoding = 4; lastKnownFileType = sourcecode.c.h; path = GZGameTagController.h; sourceTree = "<group>"; };
		048176BA17B8F99400DD13D8 /* GZGameTagController.m */ = {isa = PBXFileReference; fileEncoding = 4; lastKnownFileType = sourcecode.c.objc; path = GZGameTagController.m; sourceTree = "<group>"; };
		048176BB17B8F99500DD13D8 /* GZGameTagController.xib */ = {isa = PBXFileReference; fileEncoding = 4; lastKnownFileType = file.xib; path = GZGameTagController.xib; sourceTree = "<group>"; };
		048176C317B8FBC900DD13D8 /* GZHomeViewController.h */ = {isa = PBXFileReference; fileEncoding = 4; lastKnownFileType = sourcecode.c.h; path = GZHomeViewController.h; sourceTree = "<group>"; };
		048176C417B8FBCA00DD13D8 /* GZHomeViewController.m */ = {isa = PBXFileReference; fileEncoding = 4; lastKnownFileType = sourcecode.c.objc; path = GZHomeViewController.m; sourceTree = "<group>"; };
		048176C517B8FBCA00DD13D8 /* GZHomeViewController.xib */ = {isa = PBXFileReference; fileEncoding = 4; lastKnownFileType = file.xib; path = GZHomeViewController.xib; sourceTree = "<group>"; };
		04CC63B817C4A0C100D37518 /* libsqlite3.dylib */ = {isa = PBXFileReference; lastKnownFileType = "compiled.mach-o.dylib"; name = libsqlite3.dylib; path = usr/lib/libsqlite3.dylib; sourceTree = SDKROOT; };
		04CC63BA17C4A30500D37518 /* libsqlite3.0.dylib */ = {isa = PBXFileReference; lastKnownFileType = "compiled.mach-o.dylib"; name = libsqlite3.0.dylib; path = usr/lib/libsqlite3.0.dylib; sourceTree = SDKROOT; };
		04CC63E217C678E800D37518 /* GZImageController.h */ = {isa = PBXFileReference; fileEncoding = 4; lastKnownFileType = sourcecode.c.h; path = GZImageController.h; sourceTree = "<group>"; };
		04CC63E317C678E800D37518 /* GZImageController.m */ = {isa = PBXFileReference; fileEncoding = 4; lastKnownFileType = sourcecode.c.objc; path = GZImageController.m; sourceTree = "<group>"; };
		04CC63E417C678E800D37518 /* GZImageController.xib */ = {isa = PBXFileReference; fileEncoding = 4; lastKnownFileType = file.xib; path = GZImageController.xib; sourceTree = "<group>"; };
		7637FCD317D48C2F0029D063 /* dishes_images */ = {isa = PBXFileReference; lastKnownFileType = folder; path = dishes_images; sourceTree = "<group>"; };
		76748D1217C315450095FEA6 /* TPKeyboardAvoidingScrollView.h */ = {isa = PBXFileReference; fileEncoding = 4; lastKnownFileType = sourcecode.c.h; name = TPKeyboardAvoidingScrollView.h; path = thrid_party/TPKeyboardAvoiding/TPKeyboardAvoidingScrollView.h; sourceTree = SOURCE_ROOT; };
		76748D1317C315450095FEA6 /* TPKeyboardAvoidingScrollView.m */ = {isa = PBXFileReference; fileEncoding = 4; lastKnownFileType = sourcecode.c.objc; name = TPKeyboardAvoidingScrollView.m; path = thrid_party/TPKeyboardAvoiding/TPKeyboardAvoidingScrollView.m; sourceTree = SOURCE_ROOT; };
		76748D1417C315450095FEA6 /* TPKeyboardAvoidingTableView.h */ = {isa = PBXFileReference; fileEncoding = 4; lastKnownFileType = sourcecode.c.h; name = TPKeyboardAvoidingTableView.h; path = thrid_party/TPKeyboardAvoiding/TPKeyboardAvoidingTableView.h; sourceTree = SOURCE_ROOT; };
		76748D1517C315450095FEA6 /* TPKeyboardAvoidingTableView.m */ = {isa = PBXFileReference; fileEncoding = 4; lastKnownFileType = sourcecode.c.objc; name = TPKeyboardAvoidingTableView.m; path = thrid_party/TPKeyboardAvoiding/TPKeyboardAvoidingTableView.m; sourceTree = SOURCE_ROOT; };
		7686BF7017B39FC000616237 /* guessEat.app */ = {isa = PBXFileReference; explicitFileType = wrapper.application; includeInIndex = 0; path = guessEat.app; sourceTree = BUILT_PRODUCTS_DIR; };
		7686BF7317B39FC000616237 /* UIKit.framework */ = {isa = PBXFileReference; lastKnownFileType = wrapper.framework; name = UIKit.framework; path = System/Library/Frameworks/UIKit.framework; sourceTree = SDKROOT; };
		7686BF7517B39FC000616237 /* Foundation.framework */ = {isa = PBXFileReference; lastKnownFileType = wrapper.framework; name = Foundation.framework; path = System/Library/Frameworks/Foundation.framework; sourceTree = SDKROOT; };
		7686BF7717B39FC000616237 /* CoreGraphics.framework */ = {isa = PBXFileReference; lastKnownFileType = wrapper.framework; name = CoreGraphics.framework; path = System/Library/Frameworks/CoreGraphics.framework; sourceTree = SDKROOT; };
		7686BF7B17B39FC000616237 /* guessEat-Info.plist */ = {isa = PBXFileReference; lastKnownFileType = text.plist.xml; path = "guessEat-Info.plist"; sourceTree = "<group>"; };
		7686BF7D17B39FC000616237 /* en */ = {isa = PBXFileReference; lastKnownFileType = text.plist.strings; name = en; path = en.lproj/InfoPlist.strings; sourceTree = "<group>"; };
		7686BF7F17B39FC000616237 /* main.m */ = {isa = PBXFileReference; lastKnownFileType = sourcecode.c.objc; path = main.m; sourceTree = "<group>"; };
		7686BF8117B39FC000616237 /* guessEat-Prefix.pch */ = {isa = PBXFileReference; lastKnownFileType = sourcecode.c.h; path = "guessEat-Prefix.pch"; sourceTree = "<group>"; };
		7686BF8217B39FC000616237 /* GZAppDelegate.h */ = {isa = PBXFileReference; lastKnownFileType = sourcecode.c.h; path = GZAppDelegate.h; sourceTree = "<group>"; };
		7686BF8317B39FC000616237 /* GZAppDelegate.m */ = {isa = PBXFileReference; lastKnownFileType = sourcecode.c.objc; path = GZAppDelegate.m; sourceTree = "<group>"; };
		7686BF8517B39FC000616237 /* Default.png */ = {isa = PBXFileReference; lastKnownFileType = image.png; path = Default.png; sourceTree = "<group>"; };
		7686BF8717B39FC000616237 /* Default@2x.png */ = {isa = PBXFileReference; lastKnownFileType = image.png; path = "Default@2x.png"; sourceTree = "<group>"; };
		7686BF8917B39FC000616237 /* Default-568h@2x.png */ = {isa = PBXFileReference; lastKnownFileType = image.png; path = "Default-568h@2x.png"; sourceTree = "<group>"; };
		76B2FDD117BCC5AA00B9282A /* img.png */ = {isa = PBXFileReference; lastKnownFileType = image.png; path = img.png; sourceTree = "<group>"; };
		76B2FDD217BCC5AA00B9282A /* img@2x.png */ = {isa = PBXFileReference; lastKnownFileType = image.png; path = "img@2x.png"; sourceTree = "<group>"; };
		76B2FDD617BCC5AA00B9282A /* GZCollectionViewCell.h */ = {isa = PBXFileReference; fileEncoding = 4; lastKnownFileType = sourcecode.c.h; path = GZCollectionViewCell.h; sourceTree = "<group>"; };
		76B2FDD717BCC5AA00B9282A /* GZCollectionViewCell.m */ = {isa = PBXFileReference; fileEncoding = 4; lastKnownFileType = sourcecode.c.objc; path = GZCollectionViewCell.m; sourceTree = "<group>"; };
		76B2FDEF17BCDE2A00B9282A /* LICENSE.txt */ = {isa = PBXFileReference; fileEncoding = 4; lastKnownFileType = text; name = LICENSE.txt; path = thrid_party/SVProgressHUD/LICENSE.txt; sourceTree = SOURCE_ROOT; };
		76B2FDF017BCDE2A00B9282A /* SVProgressHUD.bundle */ = {isa = PBXFileReference; lastKnownFileType = "wrapper.plug-in"; name = SVProgressHUD.bundle; path = thrid_party/SVProgressHUD/SVProgressHUD.bundle; sourceTree = SOURCE_ROOT; };
		76B2FDF117BCDE2A00B9282A /* SVProgressHUD.h */ = {isa = PBXFileReference; fileEncoding = 4; lastKnownFileType = sourcecode.c.h; name = SVProgressHUD.h; path = thrid_party/SVProgressHUD/SVProgressHUD.h; sourceTree = SOURCE_ROOT; };
		76B2FDF217BCDE2A00B9282A /* SVProgressHUD.m */ = {isa = PBXFileReference; fileEncoding = 4; lastKnownFileType = sourcecode.c.objc; name = SVProgressHUD.m; path = thrid_party/SVProgressHUD/SVProgressHUD.m; sourceTree = SOURCE_ROOT; };
		76B2FDF617BCDE4F00B9282A /* AFHTTPClient.h */ = {isa = PBXFileReference; fileEncoding = 4; lastKnownFileType = sourcecode.c.h; name = AFHTTPClient.h; path = thrid_party/AFNetworking/AFHTTPClient.h; sourceTree = SOURCE_ROOT; };
		76B2FDF717BCDE4F00B9282A /* AFHTTPClient.m */ = {isa = PBXFileReference; fileEncoding = 4; lastKnownFileType = sourcecode.c.objc; name = AFHTTPClient.m; path = thrid_party/AFNetworking/AFHTTPClient.m; sourceTree = SOURCE_ROOT; };
		76B2FDF817BCDE4F00B9282A /* AFHTTPRequestOperation.h */ = {isa = PBXFileReference; fileEncoding = 4; lastKnownFileType = sourcecode.c.h; name = AFHTTPRequestOperation.h; path = thrid_party/AFNetworking/AFHTTPRequestOperation.h; sourceTree = SOURCE_ROOT; };
		76B2FDF917BCDE4F00B9282A /* AFHTTPRequestOperation.m */ = {isa = PBXFileReference; fileEncoding = 4; lastKnownFileType = sourcecode.c.objc; name = AFHTTPRequestOperation.m; path = thrid_party/AFNetworking/AFHTTPRequestOperation.m; sourceTree = SOURCE_ROOT; };
		76B2FDFA17BCDE4F00B9282A /* AFHTTPRequestOperationLogger.h */ = {isa = PBXFileReference; fileEncoding = 4; lastKnownFileType = sourcecode.c.h; name = AFHTTPRequestOperationLogger.h; path = thrid_party/AFNetworking/AFHTTPRequestOperationLogger.h; sourceTree = SOURCE_ROOT; };
		76B2FDFB17BCDE4F00B9282A /* AFHTTPRequestOperationLogger.m */ = {isa = PBXFileReference; fileEncoding = 4; lastKnownFileType = sourcecode.c.objc; name = AFHTTPRequestOperationLogger.m; path = thrid_party/AFNetworking/AFHTTPRequestOperationLogger.m; sourceTree = SOURCE_ROOT; };
		76B2FDFC17BCDE4F00B9282A /* AFHTTPRequestOperationLogger.podspec */ = {isa = PBXFileReference; fileEncoding = 4; lastKnownFileType = text; name = AFHTTPRequestOperationLogger.podspec; path = thrid_party/AFNetworking/AFHTTPRequestOperationLogger.podspec; sourceTree = SOURCE_ROOT; };
		76B2FDFD17BCDE4F00B9282A /* AFImageRequestOperation.h */ = {isa = PBXFileReference; fileEncoding = 4; lastKnownFileType = sourcecode.c.h; name = AFImageRequestOperation.h; path = thrid_party/AFNetworking/AFImageRequestOperation.h; sourceTree = SOURCE_ROOT; };
		76B2FDFE17BCDE4F00B9282A /* AFImageRequestOperation.m */ = {isa = PBXFileReference; fileEncoding = 4; lastKnownFileType = sourcecode.c.objc; name = AFImageRequestOperation.m; path = thrid_party/AFNetworking/AFImageRequestOperation.m; sourceTree = SOURCE_ROOT; };
		76B2FDFF17BCDE4F00B9282A /* AFJSONRequestOperation.h */ = {isa = PBXFileReference; fileEncoding = 4; lastKnownFileType = sourcecode.c.h; name = AFJSONRequestOperation.h; path = thrid_party/AFNetworking/AFJSONRequestOperation.h; sourceTree = SOURCE_ROOT; };
		76B2FE0017BCDE4F00B9282A /* AFJSONRequestOperation.m */ = {isa = PBXFileReference; fileEncoding = 4; lastKnownFileType = sourcecode.c.objc; name = AFJSONRequestOperation.m; path = thrid_party/AFNetworking/AFJSONRequestOperation.m; sourceTree = SOURCE_ROOT; };
		76B2FE0117BCDE4F00B9282A /* AFNetworkActivityIndicatorManager.h */ = {isa = PBXFileReference; fileEncoding = 4; lastKnownFileType = sourcecode.c.h; name = AFNetworkActivityIndicatorManager.h; path = thrid_party/AFNetworking/AFNetworkActivityIndicatorManager.h; sourceTree = SOURCE_ROOT; };
		76B2FE0217BCDE4F00B9282A /* AFNetworkActivityIndicatorManager.m */ = {isa = PBXFileReference; fileEncoding = 4; lastKnownFileType = sourcecode.c.objc; name = AFNetworkActivityIndicatorManager.m; path = thrid_party/AFNetworking/AFNetworkActivityIndicatorManager.m; sourceTree = SOURCE_ROOT; };
		76B2FE0317BCDE4F00B9282A /* AFNetworking.h */ = {isa = PBXFileReference; fileEncoding = 4; lastKnownFileType = sourcecode.c.h; name = AFNetworking.h; path = thrid_party/AFNetworking/AFNetworking.h; sourceTree = SOURCE_ROOT; };
		76B2FE0417BCDE4F00B9282A /* AFPropertyListRequestOperation.h */ = {isa = PBXFileReference; fileEncoding = 4; lastKnownFileType = sourcecode.c.h; name = AFPropertyListRequestOperation.h; path = thrid_party/AFNetworking/AFPropertyListRequestOperation.h; sourceTree = SOURCE_ROOT; };
		76B2FE0517BCDE4F00B9282A /* AFPropertyListRequestOperation.m */ = {isa = PBXFileReference; fileEncoding = 4; lastKnownFileType = sourcecode.c.objc; name = AFPropertyListRequestOperation.m; path = thrid_party/AFNetworking/AFPropertyListRequestOperation.m; sourceTree = SOURCE_ROOT; };
		76B2FE0617BCDE4F00B9282A /* AFURLConnectionOperation.h */ = {isa = PBXFileReference; fileEncoding = 4; lastKnownFileType = sourcecode.c.h; name = AFURLConnectionOperation.h; path = thrid_party/AFNetworking/AFURLConnectionOperation.h; sourceTree = SOURCE_ROOT; };
		76B2FE0717BCDE4F00B9282A /* AFURLConnectionOperation.m */ = {isa = PBXFileReference; fileEncoding = 4; lastKnownFileType = sourcecode.c.objc; name = AFURLConnectionOperation.m; path = thrid_party/AFNetworking/AFURLConnectionOperation.m; sourceTree = SOURCE_ROOT; };
		76B2FE0817BCDE4F00B9282A /* AFXMLRequestOperation.h */ = {isa = PBXFileReference; fileEncoding = 4; lastKnownFileType = sourcecode.c.h; name = AFXMLRequestOperation.h; path = thrid_party/AFNetworking/AFXMLRequestOperation.h; sourceTree = SOURCE_ROOT; };
		76B2FE0917BCDE4F00B9282A /* AFXMLRequestOperation.m */ = {isa = PBXFileReference; fileEncoding = 4; lastKnownFileType = sourcecode.c.objc; name = AFXMLRequestOperation.m; path = thrid_party/AFNetworking/AFXMLRequestOperation.m; sourceTree = SOURCE_ROOT; };
		76B2FE0A17BCDE4F00B9282A /* LICENSE */ = {isa = PBXFileReference; fileEncoding = 4; lastKnownFileType = text; name = LICENSE; path = thrid_party/AFNetworking/LICENSE; sourceTree = SOURCE_ROOT; };
		76B2FE0B17BCDE4F00B9282A /* README.md */ = {isa = PBXFileReference; fileEncoding = 4; lastKnownFileType = text; name = README.md; path = thrid_party/AFNetworking/README.md; sourceTree = SOURCE_ROOT; };
		76B2FE0C17BCDE4F00B9282A /* UIImageView+AFNetworking.h */ = {isa = PBXFileReference; fileEncoding = 4; lastKnownFileType = sourcecode.c.h; name = "UIImageView+AFNetworking.h"; path = "thrid_party/AFNetworking/UIImageView+AFNetworking.h"; sourceTree = SOURCE_ROOT; };
		76B2FE0D17BCDE4F00B9282A /* UIImageView+AFNetworking.m */ = {isa = PBXFileReference; fileEncoding = 4; lastKnownFileType = sourcecode.c.objc; name = "UIImageView+AFNetworking.m"; path = "thrid_party/AFNetworking/UIImageView+AFNetworking.m"; sourceTree = SOURCE_ROOT; };
		76B2FE1B17BCDE9400B9282A /* RGMPageControl.h */ = {isa = PBXFileReference; fileEncoding = 4; lastKnownFileType = sourcecode.c.h; name = RGMPageControl.h; path = thrid_party/RGMPagingScrollView/RGMPageControl.h; sourceTree = SOURCE_ROOT; };
		76B2FE1C17BCDE9400B9282A /* RGMPageControl.m */ = {isa = PBXFileReference; fileEncoding = 4; lastKnownFileType = sourcecode.c.objc; name = RGMPageControl.m; path = thrid_party/RGMPagingScrollView/RGMPageControl.m; sourceTree = SOURCE_ROOT; };
		76B2FE1D17BCDE9400B9282A /* RGMPagingScrollView.h */ = {isa = PBXFileReference; fileEncoding = 4; lastKnownFileType = sourcecode.c.h; name = RGMPagingScrollView.h; path = thrid_party/RGMPagingScrollView/RGMPagingScrollView.h; sourceTree = SOURCE_ROOT; };
		76B2FE1E17BCDE9400B9282A /* RGMPagingScrollView.m */ = {isa = PBXFileReference; fileEncoding = 4; lastKnownFileType = sourcecode.c.objc; name = RGMPagingScrollView.m; path = thrid_party/RGMPagingScrollView/RGMPagingScrollView.m; sourceTree = SOURCE_ROOT; };
		76B2FE2117BCDEA700B9282A /* CFNetwork.framework */ = {isa = PBXFileReference; lastKnownFileType = wrapper.framework; name = CFNetwork.framework; path = System/Library/Frameworks/CFNetwork.framework; sourceTree = SDKROOT; };
		76B2FE2317BCDEAF00B9282A /* SystemConfiguration.framework */ = {isa = PBXFileReference; lastKnownFileType = wrapper.framework; name = SystemConfiguration.framework; path = System/Library/Frameworks/SystemConfiguration.framework; sourceTree = SDKROOT; };
		76B2FE2517BCDEB900B9282A /* QuartzCore.framework */ = {isa = PBXFileReference; lastKnownFileType = wrapper.framework; name = QuartzCore.framework; path = System/Library/Frameworks/QuartzCore.framework; sourceTree = SDKROOT; };
		76B2FE2B17BCDFE000B9282A /* GZGamePageViewController.h */ = {isa = PBXFileReference; fileEncoding = 4; lastKnownFileType = sourcecode.c.h; path = GZGamePageViewController.h; sourceTree = "<group>"; };
		76B2FE2C17BCDFE000B9282A /* GZGamePageViewController.m */ = {isa = PBXFileReference; fileEncoding = 4; lastKnownFileType = sourcecode.c.objc; path = GZGamePageViewController.m; sourceTree = "<group>"; };
		76B2FE2D17BCDFE000B9282A /* GZGamePageViewController.xib */ = {isa = PBXFileReference; fileEncoding = 4; lastKnownFileType = file.xib; path = GZGamePageViewController.xib; sourceTree = "<group>"; };
		76B2FE3017BCE00200B9282A /* RGMPageView.h */ = {isa = PBXFileReference; fileEncoding = 4; lastKnownFileType = sourcecode.c.h; name = RGMPageView.h; path = model/RGMPageView.h; sourceTree = SOURCE_ROOT; };
		76B2FE3117BCE00200B9282A /* RGMPageView.m */ = {isa = PBXFileReference; fileEncoding = 4; lastKnownFileType = sourcecode.c.objc; name = RGMPageView.m; path = model/RGMPageView.m; sourceTree = SOURCE_ROOT; };
		76B2FE3317BCE0E000B9282A /* indicator-active.png */ = {isa = PBXFileReference; lastKnownFileType = image.png; path = "indicator-active.png"; sourceTree = "<group>"; };
		76B2FE3417BCE0E000B9282A /* indicator-active@2x.png */ = {isa = PBXFileReference; lastKnownFileType = image.png; path = "indicator-active@2x.png"; sourceTree = "<group>"; };
		76B2FE3517BCE0E000B9282A /* indicator.png */ = {isa = PBXFileReference; lastKnownFileType = image.png; path = indicator.png; sourceTree = "<group>"; };
		76B2FE3617BCE0E000B9282A /* indicator@2x.png */ = {isa = PBXFileReference; lastKnownFileType = image.png; path = "indicator@2x.png"; sourceTree = "<group>"; };
		76CAB12117C701010059B1E7 /* GZGamingController.xib */ = {isa = PBXFileReference; fileEncoding = 4; lastKnownFileType = file.xib; path = GZGamingController.xib; sourceTree = "<group>"; };
		76CAB12317C711500059B1E7 /* GZDatabaseHelper.h */ = {isa = PBXFileReference; fileEncoding = 4; lastKnownFileType = sourcecode.c.h; path = GZDatabaseHelper.h; sourceTree = "<group>"; };
		76CAB12417C711500059B1E7 /* GZDatabaseHelper.m */ = {isa = PBXFileReference; fileEncoding = 4; lastKnownFileType = sourcecode.c.objc; path = GZDatabaseHelper.m; sourceTree = "<group>"; };
		76CAB12617C71F660059B1E7 /* GZDish.h */ = {isa = PBXFileReference; fileEncoding = 4; lastKnownFileType = sourcecode.c.h; path = GZDish.h; sourceTree = "<group>"; };
		76CAB12717C71F660059B1E7 /* GZDish.m */ = {isa = PBXFileReference; fileEncoding = 4; lastKnownFileType = sourcecode.c.objc; path = GZDish.m; sourceTree = "<group>"; };
		76E642F117DECCF900041856 /* ios_eat_v5 */ = {isa = PBXFileReference; lastKnownFileType = file; name = ios_eat_v5; path = resources/ios_eat_v5; sourceTree = "<group>"; };
		76E642F317DEF39E00041856 /* GZDishImage.h */ = {isa = PBXFileReference; fileEncoding = 4; lastKnownFileType = sourcecode.c.h; path = GZDishImage.h; sourceTree = "<group>"; };
		76E642F417DEF39E00041856 /* GZDishImage.m */ = {isa = PBXFileReference; fileEncoding = 4; lastKnownFileType = sourcecode.c.objc; path = GZDishImage.m; sourceTree = "<group>"; };
/* End PBXFileReference section */

/* Begin PBXFrameworksBuildPhase section */
		7686BF6D17B39FC000616237 /* Frameworks */ = {
			isa = PBXFrameworksBuildPhase;
			buildActionMask = 2147483647;
			files = (
				04CC63BB17C4A30500D37518 /* libsqlite3.0.dylib in Frameworks */,
				04CC63B917C4A0C100D37518 /* libsqlite3.dylib in Frameworks */,
				76B2FE2617BCDEB900B9282A /* QuartzCore.framework in Frameworks */,
				76B2FE2417BCDEAF00B9282A /* SystemConfiguration.framework in Frameworks */,
				76B2FE2217BCDEA700B9282A /* CFNetwork.framework in Frameworks */,
				7686BF7417B39FC000616237 /* UIKit.framework in Frameworks */,
				7686BF7617B39FC000616237 /* Foundation.framework in Frameworks */,
				7686BF7817B39FC000616237 /* CoreGraphics.framework in Frameworks */,
			);
			runOnlyForDeploymentPostprocessing = 0;
		};
/* End PBXFrameworksBuildPhase section */

/* Begin PBXGroup section */
		76748D1117C3152C0095FEA6 /* TPKeyboardAvoidingScrollView */ = {
			isa = PBXGroup;
			children = (
				76748D1217C315450095FEA6 /* TPKeyboardAvoidingScrollView.h */,
				76748D1317C315450095FEA6 /* TPKeyboardAvoidingScrollView.m */,
				76748D1417C315450095FEA6 /* TPKeyboardAvoidingTableView.h */,
				76748D1517C315450095FEA6 /* TPKeyboardAvoidingTableView.m */,
			);
			name = TPKeyboardAvoidingScrollView;
			sourceTree = "<group>";
		};
		7686BF6717B39FC000616237 = {
			isa = PBXGroup;
			children = (
				7686BF7917B39FC000616237 /* guessEat */,
				7686BF7217B39FC000616237 /* Frameworks */,
				7686BF7117B39FC000616237 /* Products */,
			);
			sourceTree = "<group>";
		};
		7686BF7117B39FC000616237 /* Products */ = {
			isa = PBXGroup;
			children = (
				7686BF7017B39FC000616237 /* guessEat.app */,
			);
			name = Products;
			sourceTree = "<group>";
		};
		7686BF7217B39FC000616237 /* Frameworks */ = {
			isa = PBXGroup;
			children = (
				04CC63BA17C4A30500D37518 /* libsqlite3.0.dylib */,
				04CC63B817C4A0C100D37518 /* libsqlite3.dylib */,
				76B2FE2517BCDEB900B9282A /* QuartzCore.framework */,
				76B2FE2317BCDEAF00B9282A /* SystemConfiguration.framework */,
				76B2FE2117BCDEA700B9282A /* CFNetwork.framework */,
				7686BF7317B39FC000616237 /* UIKit.framework */,
				7686BF7517B39FC000616237 /* Foundation.framework */,
				7686BF7717B39FC000616237 /* CoreGraphics.framework */,
			);
			name = Frameworks;
			sourceTree = "<group>";
		};
		7686BF7917B39FC000616237 /* guessEat */ = {
			isa = PBXGroup;
			children = (
				76B2FDE517BCC6E900B9282A /* thrid_party */,
				76B2FDE317BCC6B000B9282A /* helper */,
				76B2FDE217BCC69100B9282A /* models */,
				76B2FDE117BCC68200B9282A /* controllers */,
				76B2FDE017BCC67400B9282A /* views */,
				7686BF8217B39FC000616237 /* GZAppDelegate.h */,
				7686BF8317B39FC000616237 /* GZAppDelegate.m */,
				7686BF7A17B39FC000616237 /* Supporting Files */,
			);
			path = guessEat;
			sourceTree = "<group>";
		};
		7686BF7A17B39FC000616237 /* Supporting Files */ = {
			isa = PBXGroup;
			children = (
				7637FCD317D48C2F0029D063 /* dishes_images */,
				76D60B0217CED80E00DBD064 /* resources */,
				76B2FDE417BCC6C900B9282A /* images */,
				7686BF7B17B39FC000616237 /* guessEat-Info.plist */,
				7686BF7C17B39FC000616237 /* InfoPlist.strings */,
				7686BF7F17B39FC000616237 /* main.m */,
				7686BF8117B39FC000616237 /* guessEat-Prefix.pch */,
				7686BF8517B39FC000616237 /* Default.png */,
				7686BF8717B39FC000616237 /* Default@2x.png */,
				7686BF8917B39FC000616237 /* Default-568h@2x.png */,
			);
			name = "Supporting Files";
			sourceTree = "<group>";
		};
		76B2FDE017BCC67400B9282A /* views */ = {
			isa = PBXGroup;
			children = (
				76B2FE3017BCE00200B9282A /* RGMPageView.h */,
				76B2FE3117BCE00200B9282A /* RGMPageView.m */,
				76B2FDD617BCC5AA00B9282A /* GZCollectionViewCell.h */,
				76B2FDD717BCC5AA00B9282A /* GZCollectionViewCell.m */,
			);
			name = views;
			sourceTree = "<group>";
		};
		76B2FDE117BCC68200B9282A /* controllers */ = {
			isa = PBXGroup;
			children = (
				048176B917B8F99400DD13D8 /* GZGameTagController.h */,
				048176BA17B8F99400DD13D8 /* GZGameTagController.m */,
				048176BB17B8F99500DD13D8 /* GZGameTagController.xib */,
				048176C317B8FBC900DD13D8 /* GZHomeViewController.h */,
				048176C417B8FBCA00DD13D8 /* GZHomeViewController.m */,
				048176C517B8FBCA00DD13D8 /* GZHomeViewController.xib */,
				76B2FE2B17BCDFE000B9282A /* GZGamePageViewController.h */,
				76B2FE2C17BCDFE000B9282A /* GZGamePageViewController.m */,
				76B2FE2D17BCDFE000B9282A /* GZGamePageViewController.xib */,
				04686E4517C0CFA700CA58AE /* GZGamingController.h */,
				04686E4617C0CFA700CA58AE /* GZGamingController.m */,
				76CAB12117C701010059B1E7 /* GZGamingController.xib */,
				04686E4A17C0E98E00CA58AE /* GZGameSettingController.h */,
				04686E4B17C0E98E00CA58AE /* GZGameSettingController.m */,
				04686E4C17C0E98F00CA58AE /* GZGameSettingController.xib */,
				04CC63E217C678E800D37518 /* GZImageController.h */,
				04CC63E317C678E800D37518 /* GZImageController.m */,
				04CC63E417C678E800D37518 /* GZImageController.xib */,
			);
			name = controllers;
			sourceTree = "<group>";
		};
		76B2FDE217BCC69100B9282A /* models */ = {
			isa = PBXGroup;
			children = (
				76CAB12617C71F660059B1E7 /* GZDish.h */,
				76CAB12717C71F660059B1E7 /* GZDish.m */,
				76E642F317DEF39E00041856 /* GZDishImage.h */,
				76E642F417DEF39E00041856 /* GZDishImage.m */,
			);
			name = models;
			sourceTree = "<group>";
		};
		76B2FDE317BCC6B000B9282A /* helper */ = {
			isa = PBXGroup;
			children = (
				048176B617B8E61700DD13D8 /* UIDevice+Resolutions.h */,
				048176B717B8E66100DD13D8 /* UIDevice+Resolutions.m */,
				76CAB12317C711500059B1E7 /* GZDatabaseHelper.h */,
				76CAB12417C711500059B1E7 /* GZDatabaseHelper.m */,
			);
			name = helper;
			sourceTree = "<group>";
		};
		76B2FDE417BCC6C900B9282A /* images */ = {
			isa = PBXGroup;
			children = (
				76B2FE3317BCE0E000B9282A /* indicator-active.png */,
				76B2FE3417BCE0E000B9282A /* indicator-active@2x.png */,
				76B2FE3517BCE0E000B9282A /* indicator.png */,
				76B2FE3617BCE0E000B9282A /* indicator@2x.png */,
				76B2FDD117BCC5AA00B9282A /* img.png */,
				76B2FDD217BCC5AA00B9282A /* img@2x.png */,
			);
			name = images;
			sourceTree = "<group>";
		};
		76B2FDE517BCC6E900B9282A /* thrid_party */ = {
			isa = PBXGroup;
			children = (
				76748D1117C3152C0095FEA6 /* TPKeyboardAvoidingScrollView */,
				76B2FDEE17BCDDEA00B9282A /* RGBScrollingView */,
				76B2FDED17BCDDE600B9282A /* AFNetworking */,
				76B2FDEC17BCDDE000B9282A /* Popover */,
				76B2FDEB17BCDDDD00B9282A /* SVProgressHUD */,
			);
			name = thrid_party;
			sourceTree = "<group>";
		};
		76B2FDEB17BCDDDD00B9282A /* SVProgressHUD */ = {
			isa = PBXGroup;
			children = (
				76B2FDEF17BCDE2A00B9282A /* LICENSE.txt */,
				76B2FDF017BCDE2A00B9282A /* SVProgressHUD.bundle */,
				76B2FDF117BCDE2A00B9282A /* SVProgressHUD.h */,
				76B2FDF217BCDE2A00B9282A /* SVProgressHUD.m */,
			);
			name = SVProgressHUD;
			sourceTree = "<group>";
		};
		76B2FDEC17BCDDE000B9282A /* Popover */ = {
			isa = PBXGroup;
			children = (
			);
			name = Popover;
			sourceTree = "<group>";
		};
		76B2FDED17BCDDE600B9282A /* AFNetworking */ = {
			isa = PBXGroup;
			children = (
				76B2FDF617BCDE4F00B9282A /* AFHTTPClient.h */,
				76B2FDF717BCDE4F00B9282A /* AFHTTPClient.m */,
				76B2FDF817BCDE4F00B9282A /* AFHTTPRequestOperation.h */,
				76B2FDF917BCDE4F00B9282A /* AFHTTPRequestOperation.m */,
				76B2FDFA17BCDE4F00B9282A /* AFHTTPRequestOperationLogger.h */,
				76B2FDFB17BCDE4F00B9282A /* AFHTTPRequestOperationLogger.m */,
				76B2FDFC17BCDE4F00B9282A /* AFHTTPRequestOperationLogger.podspec */,
				76B2FDFD17BCDE4F00B9282A /* AFImageRequestOperation.h */,
				76B2FDFE17BCDE4F00B9282A /* AFImageRequestOperation.m */,
				76B2FDFF17BCDE4F00B9282A /* AFJSONRequestOperation.h */,
				76B2FE0017BCDE4F00B9282A /* AFJSONRequestOperation.m */,
				76B2FE0117BCDE4F00B9282A /* AFNetworkActivityIndicatorManager.h */,
				76B2FE0217BCDE4F00B9282A /* AFNetworkActivityIndicatorManager.m */,
				76B2FE0317BCDE4F00B9282A /* AFNetworking.h */,
				76B2FE0417BCDE4F00B9282A /* AFPropertyListRequestOperation.h */,
				76B2FE0517BCDE4F00B9282A /* AFPropertyListRequestOperation.m */,
				76B2FE0617BCDE4F00B9282A /* AFURLConnectionOperation.h */,
				76B2FE0717BCDE4F00B9282A /* AFURLConnectionOperation.m */,
				76B2FE0817BCDE4F00B9282A /* AFXMLRequestOperation.h */,
				76B2FE0917BCDE4F00B9282A /* AFXMLRequestOperation.m */,
				76B2FE0A17BCDE4F00B9282A /* LICENSE */,
				76B2FE0B17BCDE4F00B9282A /* README.md */,
				76B2FE0C17BCDE4F00B9282A /* UIImageView+AFNetworking.h */,
				76B2FE0D17BCDE4F00B9282A /* UIImageView+AFNetworking.m */,
			);
			name = AFNetworking;
			sourceTree = "<group>";
		};
		76B2FDEE17BCDDEA00B9282A /* RGBScrollingView */ = {
			isa = PBXGroup;
			children = (
				76B2FE1B17BCDE9400B9282A /* RGMPageControl.h */,
				76B2FE1C17BCDE9400B9282A /* RGMPageControl.m */,
				76B2FE1D17BCDE9400B9282A /* RGMPagingScrollView.h */,
				76B2FE1E17BCDE9400B9282A /* RGMPagingScrollView.m */,
			);
			name = RGBScrollingView;
			sourceTree = "<group>";
		};
		76D60B0217CED80E00DBD064 /* resources */ = {
			isa = PBXGroup;
			children = (
				76E642F117DECCF900041856 /* ios_eat_v5 */,
			);
			name = resources;
			sourceTree = "<group>";
		};
/* End PBXGroup section */

/* Begin PBXNativeTarget section */
		7686BF6F17B39FC000616237 /* guessEat */ = {
			isa = PBXNativeTarget;
			buildConfigurationList = 7686BF9617B39FC000616237 /* Build configuration list for PBXNativeTarget "guessEat" */;
			buildPhases = (
				7686BF6C17B39FC000616237 /* Sources */,
				7686BF6D17B39FC000616237 /* Frameworks */,
				7686BF6E17B39FC000616237 /* Resources */,
			);
			buildRules = (
			);
			dependencies = (
			);
			name = guessEat;
			productName = guessEat;
			productReference = 7686BF7017B39FC000616237 /* guessEat.app */;
			productType = "com.apple.product-type.application";
		};
/* End PBXNativeTarget section */

/* Begin PBXProject section */
		7686BF6817B39FC000616237 /* Project object */ = {
			isa = PBXProject;
			attributes = {
				CLASSPREFIX = GZ;
				LastUpgradeCheck = 0460;
				ORGANIZATIONNAME = net;
			};
			buildConfigurationList = 7686BF6B17B39FC000616237 /* Build configuration list for PBXProject "guessEat" */;
			compatibilityVersion = "Xcode 3.2";
			developmentRegion = English;
			hasScannedForEncodings = 0;
			knownRegions = (
				en,
			);
			mainGroup = 7686BF6717B39FC000616237;
			productRefGroup = 7686BF7117B39FC000616237 /* Products */;
			projectDirPath = "";
			projectRoot = "";
			targets = (
				7686BF6F17B39FC000616237 /* guessEat */,
			);
		};
/* End PBXProject section */

/* Begin PBXResourcesBuildPhase section */
		7686BF6E17B39FC000616237 /* Resources */ = {
			isa = PBXResourcesBuildPhase;
			buildActionMask = 2147483647;
			files = (
				7686BF7E17B39FC000616237 /* InfoPlist.strings in Resources */,
				7686BF8617B39FC000616237 /* Default.png in Resources */,
				7686BF8817B39FC000616237 /* Default@2x.png in Resources */,
				7686BF8A17B39FC000616237 /* Default-568h@2x.png in Resources */,
				048176BD17B8F99500DD13D8 /* GZGameTagController.xib in Resources */,
				048176C717B8FBCB00DD13D8 /* GZHomeViewController.xib in Resources */,
				76B2FDDA17BCC5AA00B9282A /* img.png in Resources */,
				76B2FDDB17BCC5AA00B9282A /* img@2x.png in Resources */,
				76B2FDF317BCDE2A00B9282A /* LICENSE.txt in Resources */,
				76B2FDF417BCDE2A00B9282A /* SVProgressHUD.bundle in Resources */,
				76B2FE1117BCDE4F00B9282A /* AFHTTPRequestOperationLogger.podspec in Resources */,
				76B2FE1817BCDE4F00B9282A /* LICENSE in Resources */,
				76B2FE1917BCDE4F00B9282A /* README.md in Resources */,
				76B2FE2F17BCDFE000B9282A /* GZGamePageViewController.xib in Resources */,
				76B2FE3717BCE0E000B9282A /* indicator-active.png in Resources */,
				76B2FE3817BCE0E000B9282A /* indicator-active@2x.png in Resources */,
				76B2FE3917BCE0E000B9282A /* indicator.png in Resources */,
				76B2FE3A17BCE0E000B9282A /* indicator@2x.png in Resources */,
				04686E4E17C0E98F00CA58AE /* GZGameSettingController.xib in Resources */,
				04CC63E617C678E900D37518 /* GZImageController.xib in Resources */,
				76CAB12217C701020059B1E7 /* GZGamingController.xib in Resources */,
				7637FCD417D48C2F0029D063 /* dishes_images in Resources */,
				76E642F217DECCF900041856 /* ios_eat_v5 in Resources */,
			);
			runOnlyForDeploymentPostprocessing = 0;
		};
/* End PBXResourcesBuildPhase section */

/* Begin PBXSourcesBuildPhase section */
		7686BF6C17B39FC000616237 /* Sources */ = {
			isa = PBXSourcesBuildPhase;
			buildActionMask = 2147483647;
			files = (
				7686BF8017B39FC000616237 /* main.m in Sources */,
				7686BF8417B39FC000616237 /* GZAppDelegate.m in Sources */,
				048176B817B8E66100DD13D8 /* UIDevice+Resolutions.m in Sources */,
				048176BC17B8F99500DD13D8 /* GZGameTagController.m in Sources */,
				048176C617B8FBCB00DD13D8 /* GZHomeViewController.m in Sources */,
				76B2FDDE17BCC5AA00B9282A /* GZCollectionViewCell.m in Sources */,
				76B2FDF517BCDE2A00B9282A /* SVProgressHUD.m in Sources */,
				76B2FE0E17BCDE4F00B9282A /* AFHTTPClient.m in Sources */,
				76B2FE0F17BCDE4F00B9282A /* AFHTTPRequestOperation.m in Sources */,
				76B2FE1017BCDE4F00B9282A /* AFHTTPRequestOperationLogger.m in Sources */,
				76B2FE1217BCDE4F00B9282A /* AFImageRequestOperation.m in Sources */,
				76B2FE1317BCDE4F00B9282A /* AFJSONRequestOperation.m in Sources */,
				76B2FE1417BCDE4F00B9282A /* AFNetworkActivityIndicatorManager.m in Sources */,
				76B2FE1517BCDE4F00B9282A /* AFPropertyListRequestOperation.m in Sources */,
				76B2FE1617BCDE4F00B9282A /* AFURLConnectionOperation.m in Sources */,
				76B2FE1717BCDE4F00B9282A /* AFXMLRequestOperation.m in Sources */,
				76B2FE1A17BCDE4F00B9282A /* UIImageView+AFNetworking.m in Sources */,
				76B2FE1F17BCDE9400B9282A /* RGMPageControl.m in Sources */,
				76B2FE2017BCDE9400B9282A /* RGMPagingScrollView.m in Sources */,
				76B2FE2E17BCDFE000B9282A /* GZGamePageViewController.m in Sources */,
				76B2FE3217BCE00200B9282A /* RGMPageView.m in Sources */,
				04686E4817C0CFA800CA58AE /* GZGamingController.m in Sources */,
				04686E4D17C0E98F00CA58AE /* GZGameSettingController.m in Sources */,
				76748D1617C315450095FEA6 /* TPKeyboardAvoidingScrollView.m in Sources */,
				76748D1717C315450095FEA6 /* TPKeyboardAvoidingTableView.m in Sources */,
				04CC63E517C678E900D37518 /* GZImageController.m in Sources */,
				76CAB12517C711500059B1E7 /* GZDatabaseHelper.m in Sources */,
				76CAB12817C71F660059B1E7 /* GZDish.m in Sources */,
				76E642F517DEF39E00041856 /* GZDishImage.m in Sources */,
			);
			runOnlyForDeploymentPostprocessing = 0;
		};
/* End PBXSourcesBuildPhase section */

/* Begin PBXVariantGroup section */
		7686BF7C17B39FC000616237 /* InfoPlist.strings */ = {
			isa = PBXVariantGroup;
			children = (
				7686BF7D17B39FC000616237 /* en */,
			);
			name = InfoPlist.strings;
			sourceTree = "<group>";
		};
/* End PBXVariantGroup section */

/* Begin XCBuildConfiguration section */
		7686BF9417B39FC000616237 /* Debug */ = {
			isa = XCBuildConfiguration;
			buildSettings = {
				ALWAYS_SEARCH_USER_PATHS = NO;
				CLANG_CXX_LANGUAGE_STANDARD = "gnu++0x";
				CLANG_CXX_LIBRARY = "libc++";
				CLANG_ENABLE_OBJC_ARC = YES;
				CLANG_WARN_CONSTANT_CONVERSION = YES;
				CLANG_WARN_EMPTY_BODY = YES;
				CLANG_WARN_ENUM_CONVERSION = YES;
				CLANG_WARN_INT_CONVERSION = YES;
				CLANG_WARN__DUPLICATE_METHOD_MATCH = YES;
				"CODE_SIGN_IDENTITY[sdk=iphoneos*]" = "iPhone Developer";
				COPY_PHASE_STRIP = NO;
				GCC_C_LANGUAGE_STANDARD = gnu99;
				GCC_DYNAMIC_NO_PIC = NO;
				GCC_OPTIMIZATION_LEVEL = 0;
				GCC_PREPROCESSOR_DEFINITIONS = (
					"DEBUG=1",
					"$(inherited)",
				);
				GCC_SYMBOLS_PRIVATE_EXTERN = NO;
				GCC_WARN_ABOUT_RETURN_TYPE = YES;
				GCC_WARN_UNINITIALIZED_AUTOS = YES;
				GCC_WARN_UNUSED_VARIABLE = YES;
				IPHONEOS_DEPLOYMENT_TARGET = 6.1;
				ONLY_ACTIVE_ARCH = YES;
				SDKROOT = iphoneos;
				TARGETED_DEVICE_FAMILY = "1,2";
			};
			name = Debug;
		};
		7686BF9517B39FC000616237 /* Release */ = {
			isa = XCBuildConfiguration;
			buildSettings = {
				ALWAYS_SEARCH_USER_PATHS = NO;
				CLANG_CXX_LANGUAGE_STANDARD = "gnu++0x";
				CLANG_CXX_LIBRARY = "libc++";
				CLANG_ENABLE_OBJC_ARC = YES;
				CLANG_WARN_CONSTANT_CONVERSION = YES;
				CLANG_WARN_EMPTY_BODY = YES;
				CLANG_WARN_ENUM_CONVERSION = YES;
				CLANG_WARN_INT_CONVERSION = YES;
				CLANG_WARN__DUPLICATE_METHOD_MATCH = YES;
				"CODE_SIGN_IDENTITY[sdk=iphoneos*]" = "iPhone Developer";
				COPY_PHASE_STRIP = YES;
				GCC_C_LANGUAGE_STANDARD = gnu99;
				GCC_WARN_ABOUT_RETURN_TYPE = YES;
				GCC_WARN_UNINITIALIZED_AUTOS = YES;
				GCC_WARN_UNUSED_VARIABLE = YES;
				IPHONEOS_DEPLOYMENT_TARGET = 6.1;
				OTHER_CFLAGS = "-DNS_BLOCK_ASSERTIONS=1";
				SDKROOT = iphoneos;
				TARGETED_DEVICE_FAMILY = "1,2";
				VALIDATE_PRODUCT = YES;
			};
			name = Release;
		};
		7686BF9717B39FC000616237 /* Debug */ = {
			isa = XCBuildConfiguration;
			buildSettings = {
				GCC_PRECOMPILE_PREFIX_HEADER = YES;
				GCC_PREFIX_HEADER = "guessEat/guessEat-Prefix.pch";
				INFOPLIST_FILE = "guessEat/guessEat-Info.plist";
				PRODUCT_NAME = "$(TARGET_NAME)";
				WRAPPER_EXTENSION = app;
			};
			name = Debug;
		};
		7686BF9817B39FC000616237 /* Release */ = {
			isa = XCBuildConfiguration;
			buildSettings = {
				GCC_PRECOMPILE_PREFIX_HEADER = YES;
				GCC_PREFIX_HEADER = "guessEat/guessEat-Prefix.pch";
				INFOPLIST_FILE = "guessEat/guessEat-Info.plist";
				PRODUCT_NAME = "$(TARGET_NAME)";
				WRAPPER_EXTENSION = app;
			};
			name = Release;
		};
/* End XCBuildConfiguration section */

/* Begin XCConfigurationList section */
		7686BF6B17B39FC000616237 /* Build configuration list for PBXProject "guessEat" */ = {
			isa = XCConfigurationList;
			buildConfigurations = (
				7686BF9417B39FC000616237 /* Debug */,
				7686BF9517B39FC000616237 /* Release */,
			);
			defaultConfigurationIsVisible = 0;
			defaultConfigurationName = Release;
		};
		7686BF9617B39FC000616237 /* Build configuration list for PBXNativeTarget "guessEat" */ = {
			isa = XCConfigurationList;
			buildConfigurations = (
				7686BF9717B39FC000616237 /* Debug */,
				7686BF9817B39FC000616237 /* Release */,
			);
			defaultConfigurationIsVisible = 0;
			defaultConfigurationName = Release;
		};
/* End XCConfigurationList section */
	};
	rootObject = 7686BF6817B39FC000616237 /* Project object */;
}
